
Microsoft Visual Studio Solution File, Format Version 12.00
# Visual Studio Version 16
VisualStudioVersion = 16.0.32802.440
MinimumVisualStudioVersion = 10.0.40219.1
Project("{FAE04EC0-301F-11D3-BF4B-00C04F79EFBC}") = "Login", "Login\Login.csproj", "{8889B90B-B458-4A53-BB4D-AD314AD64A62}"
EndProject
Global
	GlobalSection(SolutionConfigurationPlatforms) = preSolution
		Debug|Any CPU = Debug|Any CPU
		Release|Any CPU = Release|Any CPU
	EndGlobalSection
	GlobalSection(ProjectConfigurationPlatforms) = postSolution
		{8889B90B-B458-4A53-BB4D-AD314AD64A62}.Debug|Any CPU.ActiveCfg = Debug|Any CPU
		{8889B90B-B458-4A53-BB4D-AD314AD64A62}.Debug|Any CPU.Build.0 = Debug|Any CPU
		{8889B90B-B458-4A53-BB4D-AD314AD64A62}.Release|Any CPU.ActiveCfg = Release|Any CPU
		{8889B90B-B458-4A53-BB4D-AD314AD64A62}.Release|Any CPU.Build.0 = Release|Any CPU
	EndGlobalSection
	GlobalSection(SolutionProperties) = preSolution
		HideSolutionNode = FALSE
	EndGlobalSection
	GlobalSection(ExtensibilityGlobals) = postSolution
		SolutionGuid = {96538BDA-0C6F-435E-B9E7-0039117D0F3D}
	EndGlobalSection
EndGlobal
